# This file is autogenerated, do not edit; changes may be undone by the next 'dep ensure'.


[[projects]]
  name = "github.com/contribsys/faktory"
  packages = ["client"]
  revision = "f8d9d21b3e04c3d9f3cb62f0298eb42bb007d745"
  version = "v0.9.0-beta1-1"

[[projects]]
  branch = "master"
  name = "github.com/contribsys/faktory_worker_go"
  packages = ["."]
  revision = "de58a756280d12741a9b36e7acc26aa9e639b178"

[[projects]]
  name = "github.com/deis/helm"
  packages = ["log"]
  revision = "e4b3983bd8dc5b8682de168a322c20a941b49aa3"
  version = "0.8.1"

[[projects]]
  name = "github.com/deis/pkg"
  packages = ["prettyprint"]
  revision = "d8ef2e67e88941808f1bfcf28d0a91a122718459"
  version = "v0.5.0"

[[projects]]
  branch = "HAV-133"
  name = "github.com/kindlyops/mappamundi"
  packages = ["havenapi/keycloak"]
  revision = "909aa43327c6bb99ea586be2a14d43b4f0e37c6b"

[solve-meta]
  analyzer-name = "dep"
  analyzer-version = 1
  inputs-digest = "a71f05bd7ec64ef94b14d7ca12938ab3604c7481a74f63acbc3d372d521aa533"
  solver-name = "gps-cdcl"
  solver-version = 1
