# This file is autogenerated, do not edit; changes may be undone by the next 'dep ensure'.


[[projects]]
  name = "github.com/contribsys/faktory"
  packages = ["client"]
  revision = "f8d9d21b3e04c3d9f3cb62f0298eb42bb007d745"
  version = "v0.9.0-beta1-1"

[[projects]]
  branch = "master"
  name = "github.com/contribsys/faktory_worker_go"
  packages = ["."]
  revision = "de58a756280d12741a9b36e7acc26aa9e639b178"

[[projects]]
  name = "github.com/deis/helm"
  packages = ["log"]
  revision = "e4b3983bd8dc5b8682de168a322c20a941b49aa3"
  version = "0.8.1"

[[projects]]
  name = "github.com/deis/pkg"
  packages = ["prettyprint"]
  revision = "d8ef2e67e88941808f1bfcf28d0a91a122718459"
  version = "v0.5.0"

[[projects]]
  name = "github.com/gobuffalo/envy"
  packages = ["."]
  revision = "3c96536452167a705ca5a70b831d3810e1e10452"
  version = "v1.6.4"

[[projects]]
  branch = "master"
  name = "github.com/jmoiron/sqlx"
  packages = [
    ".",
    "reflectx"
  ]
  revision = "0dae4fefe7c0e190f7b5a78dac28a1c82cc8d849"

[[projects]]
  name = "github.com/joho/godotenv"
  packages = ["."]
  revision = "23d116af351c84513e1946b527c88823e476be13"
  version = "v1.3.0"

[[projects]]
  branch = "master"
  name = "github.com/kindlyops/mappamundi"
  packages = ["havenapi/keycloak"]
  revision = "27af506d4b9b29709930fd1bb3ce8c138e12c7b9"

[[projects]]
  name = "github.com/lib/pq"
  packages = [
    ".",
    "oid"
  ]
  revision = "4ded0e9383f75c197b3a2aaa6d590ac52df6fd79"
  version = "v1.0.0"

[[projects]]
  name = "github.com/nleof/goyesql"
  packages = ["."]
  revision = "736fe14cafb0b195a659821fb90ecfa9226441b5"
  version = "v1.0.1"

[solve-meta]
  analyzer-name = "dep"
  analyzer-version = 1
  inputs-digest = "7c978c95c479ae2bf80dbc015b6a83cdbb2d96d448f9a56bda9f937de6a0fbc0"
  solver-name = "gps-cdcl"
  solver-version = 1
